
Microsoft Visual Studio Solution File, Format Version 12.00
# Visual Studio 15
VisualStudioVersion = 15.0.27703.2026
MinimumVisualStudioVersion = 10.0.40219.1
Project("{FAE04EC0-301F-11D3-BF4B-00C04F79EFBC}") = "UnitTestProject1", "UnitTestProject1\UnitTestProject1.csproj", "{D4715AB5-BA7A-400D-864D-B8317129FDFD}"
EndProject
Global
	GlobalSection(SolutionConfigurationPlatforms) = preSolution
		Debug|Any CPU = Debug|Any CPU
		Release|Any CPU = Release|Any CPU
	EndGlobalSection
	GlobalSection(ProjectConfigurationPlatforms) = postSolution
		{D4715AB5-BA7A-400D-864D-B8317129FDFD}.Debug|Any CPU.ActiveCfg = Debug|Any CPU
		{D4715AB5-BA7A-400D-864D-B8317129FDFD}.Debug|Any CPU.Build.0 = Debug|Any CPU
		{D4715AB5-BA7A-400D-864D-B8317129FDFD}.Release|Any CPU.ActiveCfg = Release|Any CPU
		{D4715AB5-BA7A-400D-864D-B8317129FDFD}.Release|Any CPU.Build.0 = Release|Any CPU
		{93D49077-3232-4941-8783-39AF2DE45F7F}.Debug|Any CPU.ActiveCfg = Debug|Any CPU
		{93D49077-3232-4941-8783-39AF2DE45F7F}.Debug|Any CPU.Build.0 = Debug|Any CPU
		{93D49077-3232-4941-8783-39AF2DE45F7F}.Release|Any CPU.ActiveCfg = Release|Any CPU
		{93D49077-3232-4941-8783-39AF2DE45F7F}.Release|Any CPU.Build.0 = Release|Any CPU
	EndGlobalSection
	GlobalSection(SolutionProperties) = preSolution
		HideSolutionNode = FALSE
	EndGlobalSection
	GlobalSection(ExtensibilityGlobals) = postSolution
		SolutionGuid = {152FF7F0-1CBE-44B7-BF1F-9F9198B02C45}
	EndGlobalSection
EndGlobal
